<?xml version="1.0" encoding="UTF-8" standalone="yes" ?>
<CodeBlocks_project_file>
	<FileVersion major="1" minor="6" />
	<Project>
		<Option title="meshmagick" />
		<Option pch_mode="2" />
		<Option compiler="gcc" />
		<Build>
			<Target title="Debug">
				<Option output="bin/Debug/meshmagick" prefix_auto="1" extension_auto="1" />
				<Option object_output="obj/Debug/" />
				<Option type="1" />
				<Option compiler="gcc" />
				<Compiler>
					<Add option="-g" />
				</Compiler>
			</Target>
			<Target title="Release">
				<Option output="bin/Release/meshmagick" prefix_auto="1" extension_auto="1" />
				<Option object_output="obj/Release/" />
				<Option type="1" />
				<Option compiler="gcc" />
				<Compiler>
					<Add option="-O2" />
				</Compiler>
				<Linker>
					<Add option="-s" />
				</Linker>
			</Target>
		</Build>
		<Compiler>
			<Add option="-Wall" />
			<Add option="-fexceptions" />
			<Add directory="include" />
			<Add directory="/usr/local/include/OGRE" />
		</Compiler>
		<Linker>
			<Add library="/usr/local/lib/libOgreMain.so" />
		</Linker>
		<Unit filename="include/MeshMagick.h" />
		<Unit filename="include/MeshMagickPrerequisites.h" />
		<Unit filename="include/MmEditableBone.h" />
		<Unit filename="include/MmEditableMesh.h" />
		<Unit filename="include/MmEditableSkeleton.h" />
		<Unit filename="include/MmInfoTool.h" />
		<Unit filename="include/MmInfoToolFactory.h" />
		<Unit filename="include/MmMeshMergeTool.h" />
		<Unit filename="include/MmMeshMergeToolFactory.h" />
		<Unit filename="include/MmMeshUtils.h" />
		<Unit filename="include/MmOgreEnvironment.h" />
		<Unit filename="include/MmOptimiseTool.h" />
		<Unit filename="include/MmOptimiseToolFactory.h" />
		<Unit filename="include/MmOptionsParser.h" />
		<Unit filename="include/MmRenameTool.h" />
		<Unit filename="include/MmRenameToolFactory.h" />
		<Unit filename="include/MmStatefulMeshSerializer.h" />
		<Unit filename="include/MmStatefulSkeletonSerializer.h" />
		<Unit filename="include/MmTool.h" />
		<Unit filename="include/MmToolFactory.h" />
		<Unit filename="include/MmToolManager.h" />
		<Unit filename="include/MmToolUtils.h" />
		<Unit filename="include/MmTransformTool.h" />
		<Unit filename="include/MmTransformToolFactory.h" />
		<Unit filename="src/MeshMagick.cpp" />
		<Unit filename="src/MmEditableBone.cpp" />
		<Unit filename="src/MmEditableMesh.cpp" />
		<Unit filename="src/MmEditableSkeleton.cpp" />
		<Unit filename="src/MmInfoTool.cpp" />
		<Unit filename="src/MmInfoToolFactory.cpp" />
		<Unit filename="src/MmMeshMergeTool.cpp" />
		<Unit filename="src/MmMeshMergeToolFactory.cpp" />
		<Unit filename="src/MmMeshUtils.cpp" />
		<Unit filename="src/MmOgreEnvironment.cpp" />
		<Unit filename="src/MmOptimiseTool.cpp" />
		<Unit filename="src/MmOptimiseToolFactory.cpp" />
		<Unit filename="src/MmOptionsParser.cpp" />
		<Unit filename="src/MmRenameTool.cpp" />
		<Unit filename="src/MmRenameToolFactory.cpp" />
		<Unit filename="src/MmStatefulMeshSerializer.cpp" />
		<Unit filename="src/MmStatefulSkeletonSerializer.cpp" />
		<Unit filename="src/MmTool.cpp" />
		<Unit filename="src/MmToolManager.cpp" />
		<Unit filename="src/MmToolsUtils.cpp" />
		<Unit filename="src/MmTransformTool.cpp" />
		<Unit filename="src/MmTransformToolFactory.cpp" />
		<Unit filename="src/main.cpp" />
		<Extensions>
			<code_completion>
				<search_path add="include" />
			</code_completion>
			<debugger />
		</Extensions>
	</Project>
</CodeBlocks_project_file>
